# This file is automatically @generated by Cargo.
# It is not intended for manual editing.
version = 4

[[package]]
name = "eres-os"
version = "0.1.0"
dependencies = [
 "simplefs-core",
]

[[package]]
name = "simplefs-core"
version = "0.1.0"

[[package]]
name = "simplefs-tool"
version = "0.1.0"
dependencies = [
 "simplefs-core",
]
